# This file is autogenerated, do not edit; changes may be undone by the next 'dep ensure'.


[[projects]]
  digest = "1:8e3bd93036b4a925fe2250d3e4f38f21cadb8ef623561cd80c3c50c114b13201"
  name = "github.com/hashicorp/errwrap"
  packages = ["."]
  pruneopts = ""
  revision = "8a6fb523712970c966eefc6b39ed2c5e74880354"
  version = "v1.0.0"

[[projects]]
  branch = "master"
  digest = "1:881b8e0556058b564595aa71f8427e43f944e63fbb7baa24d7b582b335ba69de"
  name = "github.com/hashicorp/go-checkpoint"
  packages = ["."]
  pruneopts = ""
  revision = "1545e56e46dec3bba264e41fde2c1e2aa65b5dd4"

[[projects]]
  digest = "1:05334858a0cfb538622a066e065287f63f42bee26a7fda93a789674225057201"
  name = "github.com/hashicorp/go-cleanhttp"
  packages = ["."]
  pruneopts = ""
  revision = "e8ab9daed8d1ddd2d3c4efba338fe2eeae2e4f18"
  version = "v0.5.0"

[[projects]]
  digest = "1:72308fdd6d5ef61106a95be7ca72349a5565809042b6426a3cfb61d99483b824"
  name = "github.com/hashicorp/go-multierror"
  packages = ["."]
  pruneopts = ""
  revision = "886a7fbe3eb1c874d46f623bfa70af45f425b3d1"
  version = "v1.0.0"

[[projects]]
  digest = "1:d35e07e002ccc51cb01fa77e932ea62206c4d3b2fb0fa1f1b052885942108a96"
  name = "github.com/hashicorp/go-uuid"
  packages = ["."]
  pruneopts = ""
  revision = "de160f5c59f693fed329e73e291bb751fe4ea4dc"
  version = "v1.0.0"

[[projects]]
  digest = "1:8c7fb7f81c06add10a17362abc1ae569ff9765a26c061c6b6e67c909f4f414db"
  name = "github.com/hashicorp/go-version"
  packages = ["."]
  pruneopts = ""
  revision = "b5a281d3160aa11950a6182bd9a9dc2cb1e02d50"
  version = "v1.0.0"

[[projects]]
  digest = "1:1cf9a7ee11e99a16060d03f5e719a9c91d4633be92a9c60b957c95ea91aa7afb"
  name = "github.com/hashicorp/packer"
  packages = [
    "common",
    "common/uuid",
    "helper/common",
    "helper/config",
    "helper/multistep",
    "helper/useragent",
    "packer",
    "packer/plugin",
    "packer/rpc",
    "template",
    "template/interpolate",
    "version",
  ]
  pruneopts = ""
  revision = "d1cc5451e933f39986bdc1069e9d26e534cde548"
  version = "v1.2.5"

[[projects]]
  branch = "master"
  digest = "1:5d602ea457b899304a3555d966f8aa70ae6c67cb806b4f1de8af1be9c58587a1"
  name = "github.com/hashicorp/yamux"
  packages = ["."]
  pruneopts = ""
  revision = "cc6d2ea263b2471faabce371255777a365bf8306"

[[projects]]
  branch = "master"
  digest = "1:6f6af7d226f2a47f4bb6f012c3a6119816bd9698781b4119e1c270b5260425ca"
  name = "github.com/mitchellh/go-fs"
  packages = [
    ".",
    "fat",
  ]
  pruneopts = ""
  revision = "b7b9ca407ffff465de12fc37ccbb81ea8b428c43"

[[projects]]
  digest = "1:0a8cd5e720c5f401e451c7506299ac9066eec2f0a2e90f9fedb714d1e7975852"
  name = "github.com/mitchellh/iochan"
  packages = ["."]
  pruneopts = ""
  revision = "b6e3aadd28864e14dae41ff5c7261455b1242d24"
  version = "v1.0.0"

[[projects]]
  digest = "1:5219b4506253ccc598f9340677162a42d6a78f340a4cc6df2d62db4d0593c4e9"
  name = "github.com/mitchellh/mapstructure"
  packages = ["."]
  pruneopts = ""
  revision = "fa473d140ef3c6adf42d6b391fe76707f1f243c8"
  version = "v1.0.0"

[[projects]]
  branch = "master"
  digest = "1:56257bf7cab727d104c15ac2fa4afe6a2a3fe7a688e6a2f2d3c93a4b184ed37f"
  name = "github.com/mitchellh/multistep"
  packages = ["."]
  pruneopts = ""
  revision = "391576a156a54cfbb4cf5d5eda40cf6ffa3e3a4d"

[[projects]]
  digest = "1:5584c8fba4fbaac85a65c9b86320fdfb6fdd5ce86b3f8fd7ddb5082d20567bd3"
  name = "github.com/mitchellh/reflectwalk"
  packages = ["."]
  pruneopts = ""
  revision = "eecee6c969c02c8cc2ae48e1e269843ae8590796"
  version = "v1.0.0"

[[projects]]
  digest = "1:2e7f653483e51243b6cd6de60ce39bde0d6927d10a3c24295ab0f82cb1efeae2"
  name = "github.com/ugorji/go"
  packages = ["codec"]
  pruneopts = ""
  revision = "b4c50a2b199d93b13dc15e78929cfb23bfdf21ab"
  version = "v1.1.1"

[solve-meta]
  analyzer-name = "dep"
  analyzer-version = 1
  input-imports = [
    "github.com/hashicorp/packer/common",
    "github.com/hashicorp/packer/helper/config",
    "github.com/hashicorp/packer/packer",
    "github.com/hashicorp/packer/packer/plugin",
    "github.com/hashicorp/packer/template/interpolate",
    "github.com/mitchellh/multistep",
  ]
  solver-name = "gps-cdcl"
  solver-version = 1
